
Microsoft Visual Studio Solution File, Format Version 12.00
# Visual Studio Version 16
VisualStudioVersion = 16.0.30611.23
MinimumVisualStudioVersion = 15.0.26124.0
Project("{9A19103F-16F7-4668-BE54-9A1E7A4F7556}") = "Servibes.Bootstrapper", "src\Servibes.Bootstrapper\Servibes.Bootstrapper.csproj", "{B2CEB3C0-71CB-49E9-88C4-9C475DA1FF90}"
EndProject
Project("{2150E333-8FDC-42A3-9474-1A3956D46DE8}") = "Modules", "Modules", "{4A3464AB-9175-4AD9-9873-8625CDC941EB}"
EndProject
Project("{2150E333-8FDC-42A3-9474-1A3956D46DE8}") = "Appointments", "Appointments", "{7379852B-AB66-4ABB-879E-F6B21B1CDA10}"
EndProject
Project("{9A19103F-16F7-4668-BE54-9A1E7A4F7556}") = "Servibes.Appointments.Api", "src\Modules\Appointments\Servibes.Appointments.Api\Servibes.Appointments.Api.csproj", "{463F39C8-46C5-4AFD-9288-F6B069D608DA}"
EndProject
Project("{9A19103F-16F7-4668-BE54-9A1E7A4F7556}") = "Servibes.Appointments.Application", "src\Modules\Appointments\Servibes.Appointments.Application\Servibes.Appointments.Application.csproj", "{6058F02A-1C5E-4CAB-880A-66EDFE303891}"
EndProject
Project("{9A19103F-16F7-4668-BE54-9A1E7A4F7556}") = "Servibes.Appointments.Core", "src\Modules\Appointments\Servibes.Appointments.Core\Servibes.Appointments.Core.csproj", "{B59473D6-B71F-44E1-9A76-8A4E51F89CC6}"
EndProject
Project("{9A19103F-16F7-4668-BE54-9A1E7A4F7556}") = "Servibes.Appointments.Infrastructure", "src\Modules\Appointments\Servibes.Appointments.Infrastructure\Servibes.Appointments.Infrastructure.csproj", "{2B3A5412-10B0-402B-95DC-01D59BF76F48}"
EndProject
Project("{2150E333-8FDC-42A3-9474-1A3956D46DE8}") = "Availability", "Availability", "{0FB87F63-292C-49AD-AA95-D82AA0FF9E89}"
EndProject
Project("{9A19103F-16F7-4668-BE54-9A1E7A4F7556}") = "Servibes.Availability.Api", "src\Modules\Availability\Servibes.Availability.Api\Servibes.Availability.Api.csproj", "{66B18FEB-E501-4293-999A-2C5D8D11154F}"
EndProject
Project("{9A19103F-16F7-4668-BE54-9A1E7A4F7556}") = "Servibes.Availability.Application", "src\Modules\Availability\Servibes.Availability.Application\Servibes.Availability.Application.csproj", "{C2926D02-BAFF-4429-BDC5-98A712973C74}"
EndProject
Project("{9A19103F-16F7-4668-BE54-9A1E7A4F7556}") = "Servibes.Availability.Core", "src\Modules\Availability\Servibes.Availability.Core\Servibes.Availability.Core.csproj", "{6BA8AD80-7FE2-44C4-9551-C6D84FCDA6EA}"
EndProject
Project("{9A19103F-16F7-4668-BE54-9A1E7A4F7556}") = "Servibes.Availability.Infrastructure", "src\Modules\Availability\Servibes.Availability.Infrastructure\Servibes.Availability.Infrastructure.csproj", "{D6E67AB2-3FBF-4382-8721-8E7365F76763}"
EndProject
Project("{2150E333-8FDC-42A3-9474-1A3956D46DE8}") = "BusinessProfile", "BusinessProfile", "{88CD8F5E-7343-4014-B812-F29E5672A823}"
EndProject
Project("{9A19103F-16F7-4668-BE54-9A1E7A4F7556}") = "Servibes.BusinessProfile.Api", "src\Modules\BusinessProfile\Servibes.BusinessProfile.Api\Servibes.BusinessProfile.Api.csproj", "{5F70953F-DE8F-426B-8335-7EDBA01DE3F6}"
EndProject
Project("{2150E333-8FDC-42A3-9474-1A3956D46DE8}") = "ClientProfile", "ClientProfile", "{E8E39FB3-4D49-4B7C-A7CB-EBBC583A4B06}"
EndProject
Project("{9A19103F-16F7-4668-BE54-9A1E7A4F7556}") = "Servibes.ClientProfile.Api", "src\Modules\ClientProfile\Servibes.ClientProfile.Api\Servibes.ClientProfile.Api.csproj", "{095EEFAC-F182-49FF-9C94-6E26A406C72E}"
EndProject
Project("{2150E333-8FDC-42A3-9474-1A3956D46DE8}") = "Sales", "Sales", "{1E78B17C-D11B-473E-9F01-5F3FF8848907}"
EndProject
Project("{9A19103F-16F7-4668-BE54-9A1E7A4F7556}") = "Servibes.Sales.Api", "src\Modules\Sales\Servibes.Sales.Api\Servibes.Sales.Api.csproj", "{83BA9AFB-57BE-4D52-8027-083133B59B12}"
EndProject
Project("{2150E333-8FDC-42A3-9474-1A3956D46DE8}") = "Bootstrapper", "Bootstrapper", "{8D09D1AD-6B14-4FD9-9745-139ECBAC572F}"
EndProject
Project("{9A19103F-16F7-4668-BE54-9A1E7A4F7556}") = "Servibes.Appointments.UnitTests", "src\Modules\Appointments\Servibes.Appointments.UnitTests\Servibes.Appointments.UnitTests.csproj", "{17B425D3-F62D-4E3C-AA74-358C91807CA9}"
EndProject
Project("{9A19103F-16F7-4668-BE54-9A1E7A4F7556}") = "Servibes.Appointments.IntegrationTests", "src\Modules\Appointments\Servibes.Appointments.IntegrationTests\Servibes.Appointments.IntegrationTests.csproj", "{F0ECD683-7412-4845-813D-8CB7F9C9F26F}"
EndProject
Project("{9A19103F-16F7-4668-BE54-9A1E7A4F7556}") = "Servibes.Availability.IntegrationTests", "src\Modules\Availability\Servibes.Availability.IntegrationTests\Servibes.Availability.IntegrationTests.csproj", "{A3C69B45-9C99-4546-8584-6F8A74AEC4AC}"
EndProject
Project("{9A19103F-16F7-4668-BE54-9A1E7A4F7556}") = "Servibes.Availability.UnitTests", "src\Modules\Availability\Servibes.Availability.UnitTests\Servibes.Availability.UnitTests.csproj", "{F22C0EC4-DC6F-4CD5-A2F4-C1BFACDD7681}"
EndProject
Project("{2150E333-8FDC-42A3-9474-1A3956D46DE8}") = "src", "src", "{BBCF37EA-1101-4166-BC55-55AAD6BE3C99}"
EndProject
Project("{2150E333-8FDC-42A3-9474-1A3956D46DE8}") = "tests", "tests", "{52BC6DFD-489B-4450-8F77-9D448D08556C}"
EndProject
Project("{2150E333-8FDC-42A3-9474-1A3956D46DE8}") = "src", "src", "{A423FEEB-3BCB-4EDF-961E-1C7545780F71}"
EndProject
Project("{2150E333-8FDC-42A3-9474-1A3956D46DE8}") = "tests", "tests", "{717C6F91-1FA0-464C-926D-E30D1A2317A8}"
EndProject
Project("{2150E333-8FDC-42A3-9474-1A3956D46DE8}") = "Shared", "Shared", "{20727FA2-0A19-4B74-8665-BF03D6B1BE81}"
EndProject
Project("{9A19103F-16F7-4668-BE54-9A1E7A4F7556}") = "Servibes.Shared", "src\Shared\Servibes.Shared\Servibes.Shared.csproj", "{13C3988A-E538-4932-B97A-ADE2F4A9C06C}"
EndProject
Global
	GlobalSection(SolutionConfigurationPlatforms) = preSolution
		Debug|Any CPU = Debug|Any CPU
		Debug|x64 = Debug|x64
		Debug|x86 = Debug|x86
		Release|Any CPU = Release|Any CPU
		Release|x64 = Release|x64
		Release|x86 = Release|x86
	EndGlobalSection
	GlobalSection(ProjectConfigurationPlatforms) = postSolution
		{B2CEB3C0-71CB-49E9-88C4-9C475DA1FF90}.Debug|Any CPU.ActiveCfg = Debug|Any CPU
		{B2CEB3C0-71CB-49E9-88C4-9C475DA1FF90}.Debug|Any CPU.Build.0 = Debug|Any CPU
		{B2CEB3C0-71CB-49E9-88C4-9C475DA1FF90}.Debug|x64.ActiveCfg = Debug|Any CPU
		{B2CEB3C0-71CB-49E9-88C4-9C475DA1FF90}.Debug|x64.Build.0 = Debug|Any CPU
		{B2CEB3C0-71CB-49E9-88C4-9C475DA1FF90}.Debug|x86.ActiveCfg = Debug|Any CPU
		{B2CEB3C0-71CB-49E9-88C4-9C475DA1FF90}.Debug|x86.Build.0 = Debug|Any CPU
		{B2CEB3C0-71CB-49E9-88C4-9C475DA1FF90}.Release|Any CPU.ActiveCfg = Release|Any CPU
		{B2CEB3C0-71CB-49E9-88C4-9C475DA1FF90}.Release|Any CPU.Build.0 = Release|Any CPU
		{B2CEB3C0-71CB-49E9-88C4-9C475DA1FF90}.Release|x64.ActiveCfg = Release|Any CPU
		{B2CEB3C0-71CB-49E9-88C4-9C475DA1FF90}.Release|x64.Build.0 = Release|Any CPU
		{B2CEB3C0-71CB-49E9-88C4-9C475DA1FF90}.Release|x86.ActiveCfg = Release|Any CPU
		{B2CEB3C0-71CB-49E9-88C4-9C475DA1FF90}.Release|x86.Build.0 = Release|Any CPU
		{463F39C8-46C5-4AFD-9288-F6B069D608DA}.Debug|Any CPU.ActiveCfg = Debug|Any CPU
		{463F39C8-46C5-4AFD-9288-F6B069D608DA}.Debug|Any CPU.Build.0 = Debug|Any CPU
		{463F39C8-46C5-4AFD-9288-F6B069D608DA}.Debug|x64.ActiveCfg = Debug|Any CPU
		{463F39C8-46C5-4AFD-9288-F6B069D608DA}.Debug|x64.Build.0 = Debug|Any CPU
		{463F39C8-46C5-4AFD-9288-F6B069D608DA}.Debug|x86.ActiveCfg = Debug|Any CPU
		{463F39C8-46C5-4AFD-9288-F6B069D608DA}.Debug|x86.Build.0 = Debug|Any CPU
		{463F39C8-46C5-4AFD-9288-F6B069D608DA}.Release|Any CPU.ActiveCfg = Release|Any CPU
		{463F39C8-46C5-4AFD-9288-F6B069D608DA}.Release|Any CPU.Build.0 = Release|Any CPU
		{463F39C8-46C5-4AFD-9288-F6B069D608DA}.Release|x64.ActiveCfg = Release|Any CPU
		{463F39C8-46C5-4AFD-9288-F6B069D608DA}.Release|x64.Build.0 = Release|Any CPU
		{463F39C8-46C5-4AFD-9288-F6B069D608DA}.Release|x86.ActiveCfg = Release|Any CPU
		{463F39C8-46C5-4AFD-9288-F6B069D608DA}.Release|x86.Build.0 = Release|Any CPU
		{6058F02A-1C5E-4CAB-880A-66EDFE303891}.Debug|Any CPU.ActiveCfg = Debug|Any CPU
		{6058F02A-1C5E-4CAB-880A-66EDFE303891}.Debug|Any CPU.Build.0 = Debug|Any CPU
		{6058F02A-1C5E-4CAB-880A-66EDFE303891}.Debug|x64.ActiveCfg = Debug|Any CPU
		{6058F02A-1C5E-4CAB-880A-66EDFE303891}.Debug|x64.Build.0 = Debug|Any CPU
		{6058F02A-1C5E-4CAB-880A-66EDFE303891}.Debug|x86.ActiveCfg = Debug|Any CPU
		{6058F02A-1C5E-4CAB-880A-66EDFE303891}.Debug|x86.Build.0 = Debug|Any CPU
		{6058F02A-1C5E-4CAB-880A-66EDFE303891}.Release|Any CPU.ActiveCfg = Release|Any CPU
		{6058F02A-1C5E-4CAB-880A-66EDFE303891}.Release|Any CPU.Build.0 = Release|Any CPU
		{6058F02A-1C5E-4CAB-880A-66EDFE303891}.Release|x64.ActiveCfg = Release|Any CPU
		{6058F02A-1C5E-4CAB-880A-66EDFE303891}.Release|x64.Build.0 = Release|Any CPU
		{6058F02A-1C5E-4CAB-880A-66EDFE303891}.Release|x86.ActiveCfg = Release|Any CPU
		{6058F02A-1C5E-4CAB-880A-66EDFE303891}.Release|x86.Build.0 = Release|Any CPU
		{B59473D6-B71F-44E1-9A76-8A4E51F89CC6}.Debug|Any CPU.ActiveCfg = Debug|Any CPU
		{B59473D6-B71F-44E1-9A76-8A4E51F89CC6}.Debug|Any CPU.Build.0 = Debug|Any CPU
		{B59473D6-B71F-44E1-9A76-8A4E51F89CC6}.Debug|x64.ActiveCfg = Debug|Any CPU
		{B59473D6-B71F-44E1-9A76-8A4E51F89CC6}.Debug|x64.Build.0 = Debug|Any CPU
		{B59473D6-B71F-44E1-9A76-8A4E51F89CC6}.Debug|x86.ActiveCfg = Debug|Any CPU
		{B59473D6-B71F-44E1-9A76-8A4E51F89CC6}.Debug|x86.Build.0 = Debug|Any CPU
		{B59473D6-B71F-44E1-9A76-8A4E51F89CC6}.Release|Any CPU.ActiveCfg = Release|Any CPU
		{B59473D6-B71F-44E1-9A76-8A4E51F89CC6}.Release|Any CPU.Build.0 = Release|Any CPU
		{B59473D6-B71F-44E1-9A76-8A4E51F89CC6}.Release|x64.ActiveCfg = Release|Any CPU
		{B59473D6-B71F-44E1-9A76-8A4E51F89CC6}.Release|x64.Build.0 = Release|Any CPU
		{B59473D6-B71F-44E1-9A76-8A4E51F89CC6}.Release|x86.ActiveCfg = Release|Any CPU
		{B59473D6-B71F-44E1-9A76-8A4E51F89CC6}.Release|x86.Build.0 = Release|Any CPU
		{2B3A5412-10B0-402B-95DC-01D59BF76F48}.Debug|Any CPU.ActiveCfg = Debug|Any CPU
		{2B3A5412-10B0-402B-95DC-01D59BF76F48}.Debug|Any CPU.Build.0 = Debug|Any CPU
		{2B3A5412-10B0-402B-95DC-01D59BF76F48}.Debug|x64.ActiveCfg = Debug|Any CPU
		{2B3A5412-10B0-402B-95DC-01D59BF76F48}.Debug|x64.Build.0 = Debug|Any CPU
		{2B3A5412-10B0-402B-95DC-01D59BF76F48}.Debug|x86.ActiveCfg = Debug|Any CPU
		{2B3A5412-10B0-402B-95DC-01D59BF76F48}.Debug|x86.Build.0 = Debug|Any CPU
		{2B3A5412-10B0-402B-95DC-01D59BF76F48}.Release|Any CPU.ActiveCfg = Release|Any CPU
		{2B3A5412-10B0-402B-95DC-01D59BF76F48}.Release|Any CPU.Build.0 = Release|Any CPU
		{2B3A5412-10B0-402B-95DC-01D59BF76F48}.Release|x64.ActiveCfg = Release|Any CPU
		{2B3A5412-10B0-402B-95DC-01D59BF76F48}.Release|x64.Build.0 = Release|Any CPU
		{2B3A5412-10B0-402B-95DC-01D59BF76F48}.Release|x86.ActiveCfg = Release|Any CPU
		{2B3A5412-10B0-402B-95DC-01D59BF76F48}.Release|x86.Build.0 = Release|Any CPU
		{66B18FEB-E501-4293-999A-2C5D8D11154F}.Debug|Any CPU.ActiveCfg = Debug|Any CPU
		{66B18FEB-E501-4293-999A-2C5D8D11154F}.Debug|Any CPU.Build.0 = Debug|Any CPU
		{66B18FEB-E501-4293-999A-2C5D8D11154F}.Debug|x64.ActiveCfg = Debug|Any CPU
		{66B18FEB-E501-4293-999A-2C5D8D11154F}.Debug|x64.Build.0 = Debug|Any CPU
		{66B18FEB-E501-4293-999A-2C5D8D11154F}.Debug|x86.ActiveCfg = Debug|Any CPU
		{66B18FEB-E501-4293-999A-2C5D8D11154F}.Debug|x86.Build.0 = Debug|Any CPU
		{66B18FEB-E501-4293-999A-2C5D8D11154F}.Release|Any CPU.ActiveCfg = Release|Any CPU
		{66B18FEB-E501-4293-999A-2C5D8D11154F}.Release|Any CPU.Build.0 = Release|Any CPU
		{66B18FEB-E501-4293-999A-2C5D8D11154F}.Release|x64.ActiveCfg = Release|Any CPU
		{66B18FEB-E501-4293-999A-2C5D8D11154F}.Release|x64.Build.0 = Release|Any CPU
		{66B18FEB-E501-4293-999A-2C5D8D11154F}.Release|x86.ActiveCfg = Release|Any CPU
		{66B18FEB-E501-4293-999A-2C5D8D11154F}.Release|x86.Build.0 = Release|Any CPU
		{C2926D02-BAFF-4429-BDC5-98A712973C74}.Debug|Any CPU.ActiveCfg = Debug|Any CPU
		{C2926D02-BAFF-4429-BDC5-98A712973C74}.Debug|Any CPU.Build.0 = Debug|Any CPU
		{C2926D02-BAFF-4429-BDC5-98A712973C74}.Debug|x64.ActiveCfg = Debug|Any CPU
		{C2926D02-BAFF-4429-BDC5-98A712973C74}.Debug|x64.Build.0 = Debug|Any CPU
		{C2926D02-BAFF-4429-BDC5-98A712973C74}.Debug|x86.ActiveCfg = Debug|Any CPU
		{C2926D02-BAFF-4429-BDC5-98A712973C74}.Debug|x86.Build.0 = Debug|Any CPU
		{C2926D02-BAFF-4429-BDC5-98A712973C74}.Release|Any CPU.ActiveCfg = Release|Any CPU
		{C2926D02-BAFF-4429-BDC5-98A712973C74}.Release|Any CPU.Build.0 = Release|Any CPU
		{C2926D02-BAFF-4429-BDC5-98A712973C74}.Release|x64.ActiveCfg = Release|Any CPU
		{C2926D02-BAFF-4429-BDC5-98A712973C74}.Release|x64.Build.0 = Release|Any CPU
		{C2926D02-BAFF-4429-BDC5-98A712973C74}.Release|x86.ActiveCfg = Release|Any CPU
		{C2926D02-BAFF-4429-BDC5-98A712973C74}.Release|x86.Build.0 = Release|Any CPU
		{6BA8AD80-7FE2-44C4-9551-C6D84FCDA6EA}.Debug|Any CPU.ActiveCfg = Debug|Any CPU
		{6BA8AD80-7FE2-44C4-9551-C6D84FCDA6EA}.Debug|Any CPU.Build.0 = Debug|Any CPU
		{6BA8AD80-7FE2-44C4-9551-C6D84FCDA6EA}.Debug|x64.ActiveCfg = Debug|Any CPU
		{6BA8AD80-7FE2-44C4-9551-C6D84FCDA6EA}.Debug|x64.Build.0 = Debug|Any CPU
		{6BA8AD80-7FE2-44C4-9551-C6D84FCDA6EA}.Debug|x86.ActiveCfg = Debug|Any CPU
		{6BA8AD80-7FE2-44C4-9551-C6D84FCDA6EA}.Debug|x86.Build.0 = Debug|Any CPU
		{6BA8AD80-7FE2-44C4-9551-C6D84FCDA6EA}.Release|Any CPU.ActiveCfg = Release|Any CPU
		{6BA8AD80-7FE2-44C4-9551-C6D84FCDA6EA}.Release|Any CPU.Build.0 = Release|Any CPU
		{6BA8AD80-7FE2-44C4-9551-C6D84FCDA6EA}.Release|x64.ActiveCfg = Release|Any CPU
		{6BA8AD80-7FE2-44C4-9551-C6D84FCDA6EA}.Release|x64.Build.0 = Release|Any CPU
		{6BA8AD80-7FE2-44C4-9551-C6D84FCDA6EA}.Release|x86.ActiveCfg = Release|Any CPU
		{6BA8AD80-7FE2-44C4-9551-C6D84FCDA6EA}.Release|x86.Build.0 = Release|Any CPU
		{D6E67AB2-3FBF-4382-8721-8E7365F76763}.Debug|Any CPU.ActiveCfg = Debug|Any CPU
		{D6E67AB2-3FBF-4382-8721-8E7365F76763}.Debug|Any CPU.Build.0 = Debug|Any CPU
		{D6E67AB2-3FBF-4382-8721-8E7365F76763}.Debug|x64.ActiveCfg = Debug|Any CPU
		{D6E67AB2-3FBF-4382-8721-8E7365F76763}.Debug|x64.Build.0 = Debug|Any CPU
		{D6E67AB2-3FBF-4382-8721-8E7365F76763}.Debug|x86.ActiveCfg = Debug|Any CPU
		{D6E67AB2-3FBF-4382-8721-8E7365F76763}.Debug|x86.Build.0 = Debug|Any CPU
		{D6E67AB2-3FBF-4382-8721-8E7365F76763}.Release|Any CPU.ActiveCfg = Release|Any CPU
		{D6E67AB2-3FBF-4382-8721-8E7365F76763}.Release|Any CPU.Build.0 = Release|Any CPU
		{D6E67AB2-3FBF-4382-8721-8E7365F76763}.Release|x64.ActiveCfg = Release|Any CPU
		{D6E67AB2-3FBF-4382-8721-8E7365F76763}.Release|x64.Build.0 = Release|Any CPU
		{D6E67AB2-3FBF-4382-8721-8E7365F76763}.Release|x86.ActiveCfg = Release|Any CPU
		{D6E67AB2-3FBF-4382-8721-8E7365F76763}.Release|x86.Build.0 = Release|Any CPU
		{5F70953F-DE8F-426B-8335-7EDBA01DE3F6}.Debug|Any CPU.ActiveCfg = Debug|Any CPU
		{5F70953F-DE8F-426B-8335-7EDBA01DE3F6}.Debug|Any CPU.Build.0 = Debug|Any CPU
		{5F70953F-DE8F-426B-8335-7EDBA01DE3F6}.Debug|x64.ActiveCfg = Debug|Any CPU
		{5F70953F-DE8F-426B-8335-7EDBA01DE3F6}.Debug|x64.Build.0 = Debug|Any CPU
		{5F70953F-DE8F-426B-8335-7EDBA01DE3F6}.Debug|x86.ActiveCfg = Debug|Any CPU
		{5F70953F-DE8F-426B-8335-7EDBA01DE3F6}.Debug|x86.Build.0 = Debug|Any CPU
		{5F70953F-DE8F-426B-8335-7EDBA01DE3F6}.Release|Any CPU.ActiveCfg = Release|Any CPU
		{5F70953F-DE8F-426B-8335-7EDBA01DE3F6}.Release|Any CPU.Build.0 = Release|Any CPU
		{5F70953F-DE8F-426B-8335-7EDBA01DE3F6}.Release|x64.ActiveCfg = Release|Any CPU
		{5F70953F-DE8F-426B-8335-7EDBA01DE3F6}.Release|x64.Build.0 = Release|Any CPU
		{5F70953F-DE8F-426B-8335-7EDBA01DE3F6}.Release|x86.ActiveCfg = Release|Any CPU
		{5F70953F-DE8F-426B-8335-7EDBA01DE3F6}.Release|x86.Build.0 = Release|Any CPU
		{095EEFAC-F182-49FF-9C94-6E26A406C72E}.Debug|Any CPU.ActiveCfg = Debug|Any CPU
		{095EEFAC-F182-49FF-9C94-6E26A406C72E}.Debug|Any CPU.Build.0 = Debug|Any CPU
		{095EEFAC-F182-49FF-9C94-6E26A406C72E}.Debug|x64.ActiveCfg = Debug|Any CPU
		{095EEFAC-F182-49FF-9C94-6E26A406C72E}.Debug|x64.Build.0 = Debug|Any CPU
		{095EEFAC-F182-49FF-9C94-6E26A406C72E}.Debug|x86.ActiveCfg = Debug|Any CPU
		{095EEFAC-F182-49FF-9C94-6E26A406C72E}.Debug|x86.Build.0 = Debug|Any CPU
		{095EEFAC-F182-49FF-9C94-6E26A406C72E}.Release|Any CPU.ActiveCfg = Release|Any CPU
		{095EEFAC-F182-49FF-9C94-6E26A406C72E}.Release|Any CPU.Build.0 = Release|Any CPU
		{095EEFAC-F182-49FF-9C94-6E26A406C72E}.Release|x64.ActiveCfg = Release|Any CPU
		{095EEFAC-F182-49FF-9C94-6E26A406C72E}.Release|x64.Build.0 = Release|Any CPU
		{095EEFAC-F182-49FF-9C94-6E26A406C72E}.Release|x86.ActiveCfg = Release|Any CPU
		{095EEFAC-F182-49FF-9C94-6E26A406C72E}.Release|x86.Build.0 = Release|Any CPU
		{83BA9AFB-57BE-4D52-8027-083133B59B12}.Debug|Any CPU.ActiveCfg = Debug|Any CPU
		{83BA9AFB-57BE-4D52-8027-083133B59B12}.Debug|Any CPU.Build.0 = Debug|Any CPU
		{83BA9AFB-57BE-4D52-8027-083133B59B12}.Debug|x64.ActiveCfg = Debug|Any CPU
		{83BA9AFB-57BE-4D52-8027-083133B59B12}.Debug|x64.Build.0 = Debug|Any CPU
		{83BA9AFB-57BE-4D52-8027-083133B59B12}.Debug|x86.ActiveCfg = Debug|Any CPU
		{83BA9AFB-57BE-4D52-8027-083133B59B12}.Debug|x86.Build.0 = Debug|Any CPU
		{83BA9AFB-57BE-4D52-8027-083133B59B12}.Release|Any CPU.ActiveCfg = Release|Any CPU
		{83BA9AFB-57BE-4D52-8027-083133B59B12}.Release|Any CPU.Build.0 = Release|Any CPU
		{83BA9AFB-57BE-4D52-8027-083133B59B12}.Release|x64.ActiveCfg = Release|Any CPU
		{83BA9AFB-57BE-4D52-8027-083133B59B12}.Release|x64.Build.0 = Release|Any CPU
		{83BA9AFB-57BE-4D52-8027-083133B59B12}.Release|x86.ActiveCfg = Release|Any CPU
		{83BA9AFB-57BE-4D52-8027-083133B59B12}.Release|x86.Build.0 = Release|Any CPU
		{17B425D3-F62D-4E3C-AA74-358C91807CA9}.Debug|Any CPU.ActiveCfg = Debug|Any CPU
		{17B425D3-F62D-4E3C-AA74-358C91807CA9}.Debug|Any CPU.Build.0 = Debug|Any CPU
		{17B425D3-F62D-4E3C-AA74-358C91807CA9}.Debug|x64.ActiveCfg = Debug|Any CPU
		{17B425D3-F62D-4E3C-AA74-358C91807CA9}.Debug|x64.Build.0 = Debug|Any CPU
		{17B425D3-F62D-4E3C-AA74-358C91807CA9}.Debug|x86.ActiveCfg = Debug|Any CPU
		{17B425D3-F62D-4E3C-AA74-358C91807CA9}.Debug|x86.Build.0 = Debug|Any CPU
		{17B425D3-F62D-4E3C-AA74-358C91807CA9}.Release|Any CPU.ActiveCfg = Release|Any CPU
		{17B425D3-F62D-4E3C-AA74-358C91807CA9}.Release|Any CPU.Build.0 = Release|Any CPU
		{17B425D3-F62D-4E3C-AA74-358C91807CA9}.Release|x64.ActiveCfg = Release|Any CPU
		{17B425D3-F62D-4E3C-AA74-358C91807CA9}.Release|x64.Build.0 = Release|Any CPU
		{17B425D3-F62D-4E3C-AA74-358C91807CA9}.Release|x86.ActiveCfg = Release|Any CPU
		{17B425D3-F62D-4E3C-AA74-358C91807CA9}.Release|x86.Build.0 = Release|Any CPU
		{F0ECD683-7412-4845-813D-8CB7F9C9F26F}.Debug|Any CPU.ActiveCfg = Debug|Any CPU
		{F0ECD683-7412-4845-813D-8CB7F9C9F26F}.Debug|Any CPU.Build.0 = Debug|Any CPU
		{F0ECD683-7412-4845-813D-8CB7F9C9F26F}.Debug|x64.ActiveCfg = Debug|Any CPU
		{F0ECD683-7412-4845-813D-8CB7F9C9F26F}.Debug|x64.Build.0 = Debug|Any CPU
		{F0ECD683-7412-4845-813D-8CB7F9C9F26F}.Debug|x86.ActiveCfg = Debug|Any CPU
		{F0ECD683-7412-4845-813D-8CB7F9C9F26F}.Debug|x86.Build.0 = Debug|Any CPU
		{F0ECD683-7412-4845-813D-8CB7F9C9F26F}.Release|Any CPU.ActiveCfg = Release|Any CPU
		{F0ECD683-7412-4845-813D-8CB7F9C9F26F}.Release|Any CPU.Build.0 = Release|Any CPU
		{F0ECD683-7412-4845-813D-8CB7F9C9F26F}.Release|x64.ActiveCfg = Release|Any CPU
		{F0ECD683-7412-4845-813D-8CB7F9C9F26F}.Release|x64.Build.0 = Release|Any CPU
		{F0ECD683-7412-4845-813D-8CB7F9C9F26F}.Release|x86.ActiveCfg = Release|Any CPU
		{F0ECD683-7412-4845-813D-8CB7F9C9F26F}.Release|x86.Build.0 = Release|Any CPU
		{A3C69B45-9C99-4546-8584-6F8A74AEC4AC}.Debug|Any CPU.ActiveCfg = Debug|Any CPU
		{A3C69B45-9C99-4546-8584-6F8A74AEC4AC}.Debug|Any CPU.Build.0 = Debug|Any CPU
		{A3C69B45-9C99-4546-8584-6F8A74AEC4AC}.Debug|x64.ActiveCfg = Debug|Any CPU
		{A3C69B45-9C99-4546-8584-6F8A74AEC4AC}.Debug|x64.Build.0 = Debug|Any CPU
		{A3C69B45-9C99-4546-8584-6F8A74AEC4AC}.Debug|x86.ActiveCfg = Debug|Any CPU
		{A3C69B45-9C99-4546-8584-6F8A74AEC4AC}.Debug|x86.Build.0 = Debug|Any CPU
		{A3C69B45-9C99-4546-8584-6F8A74AEC4AC}.Release|Any CPU.ActiveCfg = Release|Any CPU
		{A3C69B45-9C99-4546-8584-6F8A74AEC4AC}.Release|Any CPU.Build.0 = Release|Any CPU
		{A3C69B45-9C99-4546-8584-6F8A74AEC4AC}.Release|x64.ActiveCfg = Release|Any CPU
		{A3C69B45-9C99-4546-8584-6F8A74AEC4AC}.Release|x64.Build.0 = Release|Any CPU
		{A3C69B45-9C99-4546-8584-6F8A74AEC4AC}.Release|x86.ActiveCfg = Release|Any CPU
		{A3C69B45-9C99-4546-8584-6F8A74AEC4AC}.Release|x86.Build.0 = Release|Any CPU
		{F22C0EC4-DC6F-4CD5-A2F4-C1BFACDD7681}.Debug|Any CPU.ActiveCfg = Debug|Any CPU
		{F22C0EC4-DC6F-4CD5-A2F4-C1BFACDD7681}.Debug|Any CPU.Build.0 = Debug|Any CPU
		{F22C0EC4-DC6F-4CD5-A2F4-C1BFACDD7681}.Debug|x64.ActiveCfg = Debug|Any CPU
		{F22C0EC4-DC6F-4CD5-A2F4-C1BFACDD7681}.Debug|x64.Build.0 = Debug|Any CPU
		{F22C0EC4-DC6F-4CD5-A2F4-C1BFACDD7681}.Debug|x86.ActiveCfg = Debug|Any CPU
		{F22C0EC4-DC6F-4CD5-A2F4-C1BFACDD7681}.Debug|x86.Build.0 = Debug|Any CPU
		{F22C0EC4-DC6F-4CD5-A2F4-C1BFACDD7681}.Release|Any CPU.ActiveCfg = Release|Any CPU
		{F22C0EC4-DC6F-4CD5-A2F4-C1BFACDD7681}.Release|Any CPU.Build.0 = Release|Any CPU
		{F22C0EC4-DC6F-4CD5-A2F4-C1BFACDD7681}.Release|x64.ActiveCfg = Release|Any CPU
		{F22C0EC4-DC6F-4CD5-A2F4-C1BFACDD7681}.Release|x64.Build.0 = Release|Any CPU
		{F22C0EC4-DC6F-4CD5-A2F4-C1BFACDD7681}.Release|x86.ActiveCfg = Release|Any CPU
		{F22C0EC4-DC6F-4CD5-A2F4-C1BFACDD7681}.Release|x86.Build.0 = Release|Any CPU
		{13C3988A-E538-4932-B97A-ADE2F4A9C06C}.Debug|Any CPU.ActiveCfg = Debug|Any CPU
		{13C3988A-E538-4932-B97A-ADE2F4A9C06C}.Debug|Any CPU.Build.0 = Debug|Any CPU
		{13C3988A-E538-4932-B97A-ADE2F4A9C06C}.Debug|x64.ActiveCfg = Debug|Any CPU
		{13C3988A-E538-4932-B97A-ADE2F4A9C06C}.Debug|x64.Build.0 = Debug|Any CPU
		{13C3988A-E538-4932-B97A-ADE2F4A9C06C}.Debug|x86.ActiveCfg = Debug|Any CPU
		{13C3988A-E538-4932-B97A-ADE2F4A9C06C}.Debug|x86.Build.0 = Debug|Any CPU
		{13C3988A-E538-4932-B97A-ADE2F4A9C06C}.Release|Any CPU.ActiveCfg = Release|Any CPU
		{13C3988A-E538-4932-B97A-ADE2F4A9C06C}.Release|Any CPU.Build.0 = Release|Any CPU
		{13C3988A-E538-4932-B97A-ADE2F4A9C06C}.Release|x64.ActiveCfg = Release|Any CPU
		{13C3988A-E538-4932-B97A-ADE2F4A9C06C}.Release|x64.Build.0 = Release|Any CPU
		{13C3988A-E538-4932-B97A-ADE2F4A9C06C}.Release|x86.ActiveCfg = Release|Any CPU
		{13C3988A-E538-4932-B97A-ADE2F4A9C06C}.Release|x86.Build.0 = Release|Any CPU
	EndGlobalSection
	GlobalSection(SolutionProperties) = preSolution
		HideSolutionNode = FALSE
	EndGlobalSection
	GlobalSection(NestedProjects) = preSolution
		{B2CEB3C0-71CB-49E9-88C4-9C475DA1FF90} = {8D09D1AD-6B14-4FD9-9745-139ECBAC572F}
		{7379852B-AB66-4ABB-879E-F6B21B1CDA10} = {4A3464AB-9175-4AD9-9873-8625CDC941EB}
		{463F39C8-46C5-4AFD-9288-F6B069D608DA} = {BBCF37EA-1101-4166-BC55-55AAD6BE3C99}
		{6058F02A-1C5E-4CAB-880A-66EDFE303891} = {BBCF37EA-1101-4166-BC55-55AAD6BE3C99}
		{B59473D6-B71F-44E1-9A76-8A4E51F89CC6} = {BBCF37EA-1101-4166-BC55-55AAD6BE3C99}
		{2B3A5412-10B0-402B-95DC-01D59BF76F48} = {BBCF37EA-1101-4166-BC55-55AAD6BE3C99}
		{0FB87F63-292C-49AD-AA95-D82AA0FF9E89} = {4A3464AB-9175-4AD9-9873-8625CDC941EB}
		{66B18FEB-E501-4293-999A-2C5D8D11154F} = {A423FEEB-3BCB-4EDF-961E-1C7545780F71}
		{C2926D02-BAFF-4429-BDC5-98A712973C74} = {A423FEEB-3BCB-4EDF-961E-1C7545780F71}
		{6BA8AD80-7FE2-44C4-9551-C6D84FCDA6EA} = {A423FEEB-3BCB-4EDF-961E-1C7545780F71}
		{D6E67AB2-3FBF-4382-8721-8E7365F76763} = {A423FEEB-3BCB-4EDF-961E-1C7545780F71}
		{88CD8F5E-7343-4014-B812-F29E5672A823} = {4A3464AB-9175-4AD9-9873-8625CDC941EB}
		{5F70953F-DE8F-426B-8335-7EDBA01DE3F6} = {88CD8F5E-7343-4014-B812-F29E5672A823}
		{E8E39FB3-4D49-4B7C-A7CB-EBBC583A4B06} = {4A3464AB-9175-4AD9-9873-8625CDC941EB}
		{095EEFAC-F182-49FF-9C94-6E26A406C72E} = {E8E39FB3-4D49-4B7C-A7CB-EBBC583A4B06}
		{1E78B17C-D11B-473E-9F01-5F3FF8848907} = {4A3464AB-9175-4AD9-9873-8625CDC941EB}
		{83BA9AFB-57BE-4D52-8027-083133B59B12} = {1E78B17C-D11B-473E-9F01-5F3FF8848907}
		{17B425D3-F62D-4E3C-AA74-358C91807CA9} = {52BC6DFD-489B-4450-8F77-9D448D08556C}
		{F0ECD683-7412-4845-813D-8CB7F9C9F26F} = {52BC6DFD-489B-4450-8F77-9D448D08556C}
		{A3C69B45-9C99-4546-8584-6F8A74AEC4AC} = {717C6F91-1FA0-464C-926D-E30D1A2317A8}
		{F22C0EC4-DC6F-4CD5-A2F4-C1BFACDD7681} = {717C6F91-1FA0-464C-926D-E30D1A2317A8}
		{BBCF37EA-1101-4166-BC55-55AAD6BE3C99} = {7379852B-AB66-4ABB-879E-F6B21B1CDA10}
		{52BC6DFD-489B-4450-8F77-9D448D08556C} = {7379852B-AB66-4ABB-879E-F6B21B1CDA10}
		{A423FEEB-3BCB-4EDF-961E-1C7545780F71} = {0FB87F63-292C-49AD-AA95-D82AA0FF9E89}
		{717C6F91-1FA0-464C-926D-E30D1A2317A8} = {0FB87F63-292C-49AD-AA95-D82AA0FF9E89}
		{13C3988A-E538-4932-B97A-ADE2F4A9C06C} = {20727FA2-0A19-4B74-8665-BF03D6B1BE81}
	EndGlobalSection
	GlobalSection(ExtensibilityGlobals) = postSolution
		SolutionGuid = {91C88C5B-D9BA-42DA-A82A-648F12DE52D1}
	EndGlobalSection
EndGlobal
