
Microsoft Visual Studio Solution File, Format Version 12.00
# Visual Studio 15
VisualStudioVersion = 15.0.26124.0
MinimumVisualStudioVersion = 15.0.26124.0
Project("{2150E333-8FDC-42A3-9474-1A3956D46DE8}") = "src", "src", "{1C0D06FE-DC8C-4067-986D-691F93B90B3F}"
EndProject
Project("{FAE04EC0-301F-11D3-BF4B-00C04F79EFBC}") = "Servibes.Bootstrapper", "src\Servibes.Bootstrapper\Servibes.Bootstrapper.csproj", "{B2CEB3C0-71CB-49E9-88C4-9C475DA1FF90}"
EndProject
Project("{2150E333-8FDC-42A3-9474-1A3956D46DE8}") = "Modules", "Modules", "{4A3464AB-9175-4AD9-9873-8625CDC941EB}"
EndProject
Project("{2150E333-8FDC-42A3-9474-1A3956D46DE8}") = "Appointments", "Appointments", "{7379852B-AB66-4ABB-879E-F6B21B1CDA10}"
EndProject
Project("{FAE04EC0-301F-11D3-BF4B-00C04F79EFBC}") = "Servibes.Appointments.Api", "src\Modules\Appointments\Servibes.Appointments.Api\Servibes.Appointments.Api.csproj", "{463F39C8-46C5-4AFD-9288-F6B069D608DA}"
EndProject
Project("{FAE04EC0-301F-11D3-BF4B-00C04F79EFBC}") = "Servibes.Appointments.Application", "src\Modules\Appointments\Servibes.Appointments.Application\Servibes.Appointments.Application.csproj", "{6058F02A-1C5E-4CAB-880A-66EDFE303891}"
EndProject
Project("{FAE04EC0-301F-11D3-BF4B-00C04F79EFBC}") = "Servibes.Appointments.Core", "src\Modules\Appointments\Servibes.Appointments.Core\Servibes.Appointments.Core.csproj", "{B59473D6-B71F-44E1-9A76-8A4E51F89CC6}"
EndProject
Project("{FAE04EC0-301F-11D3-BF4B-00C04F79EFBC}") = "Servibes.Appointments.Infrastructure", "src\Modules\Appointments\Servibes.Appointments.Infrastructure\Servibes.Appointments.Infrastructure.csproj", "{2B3A5412-10B0-402B-95DC-01D59BF76F48}"
EndProject
Global
	GlobalSection(SolutionConfigurationPlatforms) = preSolution
		Debug|Any CPU = Debug|Any CPU
		Debug|x64 = Debug|x64
		Debug|x86 = Debug|x86
		Release|Any CPU = Release|Any CPU
		Release|x64 = Release|x64
		Release|x86 = Release|x86
	EndGlobalSection
	GlobalSection(SolutionProperties) = preSolution
		HideSolutionNode = FALSE
	EndGlobalSection
	GlobalSection(ProjectConfigurationPlatforms) = postSolution
		{B2CEB3C0-71CB-49E9-88C4-9C475DA1FF90}.Debug|Any CPU.ActiveCfg = Debug|Any CPU
		{B2CEB3C0-71CB-49E9-88C4-9C475DA1FF90}.Debug|Any CPU.Build.0 = Debug|Any CPU
		{B2CEB3C0-71CB-49E9-88C4-9C475DA1FF90}.Debug|x64.ActiveCfg = Debug|Any CPU
		{B2CEB3C0-71CB-49E9-88C4-9C475DA1FF90}.Debug|x64.Build.0 = Debug|Any CPU
		{B2CEB3C0-71CB-49E9-88C4-9C475DA1FF90}.Debug|x86.ActiveCfg = Debug|Any CPU
		{B2CEB3C0-71CB-49E9-88C4-9C475DA1FF90}.Debug|x86.Build.0 = Debug|Any CPU
		{B2CEB3C0-71CB-49E9-88C4-9C475DA1FF90}.Release|Any CPU.ActiveCfg = Release|Any CPU
		{B2CEB3C0-71CB-49E9-88C4-9C475DA1FF90}.Release|Any CPU.Build.0 = Release|Any CPU
		{B2CEB3C0-71CB-49E9-88C4-9C475DA1FF90}.Release|x64.ActiveCfg = Release|Any CPU
		{B2CEB3C0-71CB-49E9-88C4-9C475DA1FF90}.Release|x64.Build.0 = Release|Any CPU
		{B2CEB3C0-71CB-49E9-88C4-9C475DA1FF90}.Release|x86.ActiveCfg = Release|Any CPU
		{B2CEB3C0-71CB-49E9-88C4-9C475DA1FF90}.Release|x86.Build.0 = Release|Any CPU
		{463F39C8-46C5-4AFD-9288-F6B069D608DA}.Debug|Any CPU.ActiveCfg = Debug|Any CPU
		{463F39C8-46C5-4AFD-9288-F6B069D608DA}.Debug|Any CPU.Build.0 = Debug|Any CPU
		{463F39C8-46C5-4AFD-9288-F6B069D608DA}.Debug|x64.ActiveCfg = Debug|Any CPU
		{463F39C8-46C5-4AFD-9288-F6B069D608DA}.Debug|x64.Build.0 = Debug|Any CPU
		{463F39C8-46C5-4AFD-9288-F6B069D608DA}.Debug|x86.ActiveCfg = Debug|Any CPU
		{463F39C8-46C5-4AFD-9288-F6B069D608DA}.Debug|x86.Build.0 = Debug|Any CPU
		{463F39C8-46C5-4AFD-9288-F6B069D608DA}.Release|Any CPU.ActiveCfg = Release|Any CPU
		{463F39C8-46C5-4AFD-9288-F6B069D608DA}.Release|Any CPU.Build.0 = Release|Any CPU
		{463F39C8-46C5-4AFD-9288-F6B069D608DA}.Release|x64.ActiveCfg = Release|Any CPU
		{463F39C8-46C5-4AFD-9288-F6B069D608DA}.Release|x64.Build.0 = Release|Any CPU
		{463F39C8-46C5-4AFD-9288-F6B069D608DA}.Release|x86.ActiveCfg = Release|Any CPU
		{463F39C8-46C5-4AFD-9288-F6B069D608DA}.Release|x86.Build.0 = Release|Any CPU
		{6058F02A-1C5E-4CAB-880A-66EDFE303891}.Debug|Any CPU.ActiveCfg = Debug|Any CPU
		{6058F02A-1C5E-4CAB-880A-66EDFE303891}.Debug|Any CPU.Build.0 = Debug|Any CPU
		{6058F02A-1C5E-4CAB-880A-66EDFE303891}.Debug|x64.ActiveCfg = Debug|Any CPU
		{6058F02A-1C5E-4CAB-880A-66EDFE303891}.Debug|x64.Build.0 = Debug|Any CPU
		{6058F02A-1C5E-4CAB-880A-66EDFE303891}.Debug|x86.ActiveCfg = Debug|Any CPU
		{6058F02A-1C5E-4CAB-880A-66EDFE303891}.Debug|x86.Build.0 = Debug|Any CPU
		{6058F02A-1C5E-4CAB-880A-66EDFE303891}.Release|Any CPU.ActiveCfg = Release|Any CPU
		{6058F02A-1C5E-4CAB-880A-66EDFE303891}.Release|Any CPU.Build.0 = Release|Any CPU
		{6058F02A-1C5E-4CAB-880A-66EDFE303891}.Release|x64.ActiveCfg = Release|Any CPU
		{6058F02A-1C5E-4CAB-880A-66EDFE303891}.Release|x64.Build.0 = Release|Any CPU
		{6058F02A-1C5E-4CAB-880A-66EDFE303891}.Release|x86.ActiveCfg = Release|Any CPU
		{6058F02A-1C5E-4CAB-880A-66EDFE303891}.Release|x86.Build.0 = Release|Any CPU
		{B59473D6-B71F-44E1-9A76-8A4E51F89CC6}.Debug|Any CPU.ActiveCfg = Debug|Any CPU
		{B59473D6-B71F-44E1-9A76-8A4E51F89CC6}.Debug|Any CPU.Build.0 = Debug|Any CPU
		{B59473D6-B71F-44E1-9A76-8A4E51F89CC6}.Debug|x64.ActiveCfg = Debug|Any CPU
		{B59473D6-B71F-44E1-9A76-8A4E51F89CC6}.Debug|x64.Build.0 = Debug|Any CPU
		{B59473D6-B71F-44E1-9A76-8A4E51F89CC6}.Debug|x86.ActiveCfg = Debug|Any CPU
		{B59473D6-B71F-44E1-9A76-8A4E51F89CC6}.Debug|x86.Build.0 = Debug|Any CPU
		{B59473D6-B71F-44E1-9A76-8A4E51F89CC6}.Release|Any CPU.ActiveCfg = Release|Any CPU
		{B59473D6-B71F-44E1-9A76-8A4E51F89CC6}.Release|Any CPU.Build.0 = Release|Any CPU
		{B59473D6-B71F-44E1-9A76-8A4E51F89CC6}.Release|x64.ActiveCfg = Release|Any CPU
		{B59473D6-B71F-44E1-9A76-8A4E51F89CC6}.Release|x64.Build.0 = Release|Any CPU
		{B59473D6-B71F-44E1-9A76-8A4E51F89CC6}.Release|x86.ActiveCfg = Release|Any CPU
		{B59473D6-B71F-44E1-9A76-8A4E51F89CC6}.Release|x86.Build.0 = Release|Any CPU
		{2B3A5412-10B0-402B-95DC-01D59BF76F48}.Debug|Any CPU.ActiveCfg = Debug|Any CPU
		{2B3A5412-10B0-402B-95DC-01D59BF76F48}.Debug|Any CPU.Build.0 = Debug|Any CPU
		{2B3A5412-10B0-402B-95DC-01D59BF76F48}.Debug|x64.ActiveCfg = Debug|Any CPU
		{2B3A5412-10B0-402B-95DC-01D59BF76F48}.Debug|x64.Build.0 = Debug|Any CPU
		{2B3A5412-10B0-402B-95DC-01D59BF76F48}.Debug|x86.ActiveCfg = Debug|Any CPU
		{2B3A5412-10B0-402B-95DC-01D59BF76F48}.Debug|x86.Build.0 = Debug|Any CPU
		{2B3A5412-10B0-402B-95DC-01D59BF76F48}.Release|Any CPU.ActiveCfg = Release|Any CPU
		{2B3A5412-10B0-402B-95DC-01D59BF76F48}.Release|Any CPU.Build.0 = Release|Any CPU
		{2B3A5412-10B0-402B-95DC-01D59BF76F48}.Release|x64.ActiveCfg = Release|Any CPU
		{2B3A5412-10B0-402B-95DC-01D59BF76F48}.Release|x64.Build.0 = Release|Any CPU
		{2B3A5412-10B0-402B-95DC-01D59BF76F48}.Release|x86.ActiveCfg = Release|Any CPU
		{2B3A5412-10B0-402B-95DC-01D59BF76F48}.Release|x86.Build.0 = Release|Any CPU
	EndGlobalSection
	GlobalSection(NestedProjects) = preSolution
		{B2CEB3C0-71CB-49E9-88C4-9C475DA1FF90} = {1C0D06FE-DC8C-4067-986D-691F93B90B3F}
		{4A3464AB-9175-4AD9-9873-8625CDC941EB} = {1C0D06FE-DC8C-4067-986D-691F93B90B3F}
		{7379852B-AB66-4ABB-879E-F6B21B1CDA10} = {4A3464AB-9175-4AD9-9873-8625CDC941EB}
		{463F39C8-46C5-4AFD-9288-F6B069D608DA} = {7379852B-AB66-4ABB-879E-F6B21B1CDA10}
		{6058F02A-1C5E-4CAB-880A-66EDFE303891} = {7379852B-AB66-4ABB-879E-F6B21B1CDA10}
		{B59473D6-B71F-44E1-9A76-8A4E51F89CC6} = {7379852B-AB66-4ABB-879E-F6B21B1CDA10}
		{2B3A5412-10B0-402B-95DC-01D59BF76F48} = {7379852B-AB66-4ABB-879E-F6B21B1CDA10}
	EndGlobalSection
EndGlobal
